
Microsoft Visual Studio Solution File, Format Version 12.00
# Visual Studio Version 17
VisualStudioVersion = 17.8.34511.84
MinimumVisualStudioVersion = 10.0.40219.1
Project("{FAE04EC0-301F-11D3-BF4B-00C04F79EFBC}") = "CreditCards", "CreditCards\CreditCards.csproj", "{73AB0F0A-ABF1-4687-ADAA-6D4DFF6706C4}"
EndProject
Project("{FAE04EC0-301F-11D3-BF4B-00C04F79EFBC}") = "CreditCards.Contracts", "CreditCards.Contracts\CreditCards.Contracts.csproj", "{305BD69E-4628-495A-9485-C6E8C550F941}"
EndProject
Project("{FAE04EC0-301F-11D3-BF4B-00C04F79EFBC}") = "EpsAdapter", "EpsAdapter\EpsAdapter.csproj", "{98A548B0-1CA3-453D-8795-235F9F9B1B70}"
EndProject
Project("{FAE04EC0-301F-11D3-BF4B-00C04F79EFBC}") = "EpsAdapter.Contracts", "EpsAdapter.Contracts\EpsAdapter.Contracts.csproj", "{35C31C6F-A1CC-488C-8862-5CCBD3F9E9A9}"
EndProject
Project("{FAE04EC0-301F-11D3-BF4B-00C04F79EFBC}") = "Runner", "Runner\Runner.csproj", "{EAE0F71B-7CEA-490E-91BA-EFB64C771AE1}"
EndProject
Global
	GlobalSection(SolutionConfigurationPlatforms) = preSolution
		Debug|Any CPU = Debug|Any CPU
		Release|Any CPU = Release|Any CPU
	EndGlobalSection
	GlobalSection(ProjectConfigurationPlatforms) = postSolution
		{73AB0F0A-ABF1-4687-ADAA-6D4DFF6706C4}.Debug|Any CPU.ActiveCfg = Debug|Any CPU
		{73AB0F0A-ABF1-4687-ADAA-6D4DFF6706C4}.Debug|Any CPU.Build.0 = Debug|Any CPU
		{73AB0F0A-ABF1-4687-ADAA-6D4DFF6706C4}.Release|Any CPU.ActiveCfg = Release|Any CPU
		{73AB0F0A-ABF1-4687-ADAA-6D4DFF6706C4}.Release|Any CPU.Build.0 = Release|Any CPU
		{305BD69E-4628-495A-9485-C6E8C550F941}.Debug|Any CPU.ActiveCfg = Debug|Any CPU
		{305BD69E-4628-495A-9485-C6E8C550F941}.Debug|Any CPU.Build.0 = Debug|Any CPU
		{305BD69E-4628-495A-9485-C6E8C550F941}.Release|Any CPU.ActiveCfg = Release|Any CPU
		{305BD69E-4628-495A-9485-C6E8C550F941}.Release|Any CPU.Build.0 = Release|Any CPU
		{98A548B0-1CA3-453D-8795-235F9F9B1B70}.Debug|Any CPU.ActiveCfg = Debug|Any CPU
		{98A548B0-1CA3-453D-8795-235F9F9B1B70}.Debug|Any CPU.Build.0 = Debug|Any CPU
		{98A548B0-1CA3-453D-8795-235F9F9B1B70}.Release|Any CPU.ActiveCfg = Release|Any CPU
		{98A548B0-1CA3-453D-8795-235F9F9B1B70}.Release|Any CPU.Build.0 = Release|Any CPU
		{35C31C6F-A1CC-488C-8862-5CCBD3F9E9A9}.Debug|Any CPU.ActiveCfg = Debug|Any CPU
		{35C31C6F-A1CC-488C-8862-5CCBD3F9E9A9}.Debug|Any CPU.Build.0 = Debug|Any CPU
		{35C31C6F-A1CC-488C-8862-5CCBD3F9E9A9}.Release|Any CPU.ActiveCfg = Release|Any CPU
		{35C31C6F-A1CC-488C-8862-5CCBD3F9E9A9}.Release|Any CPU.Build.0 = Release|Any CPU
		{EAE0F71B-7CEA-490E-91BA-EFB64C771AE1}.Debug|Any CPU.ActiveCfg = Debug|Any CPU
		{EAE0F71B-7CEA-490E-91BA-EFB64C771AE1}.Debug|Any CPU.Build.0 = Debug|Any CPU
		{EAE0F71B-7CEA-490E-91BA-EFB64C771AE1}.Release|Any CPU.ActiveCfg = Release|Any CPU
		{EAE0F71B-7CEA-490E-91BA-EFB64C771AE1}.Release|Any CPU.Build.0 = Release|Any CPU
	EndGlobalSection
	GlobalSection(SolutionProperties) = preSolution
		HideSolutionNode = FALSE
	EndGlobalSection
	GlobalSection(ExtensibilityGlobals) = postSolution
		SolutionGuid = {6F355EE8-BF29-4B0C-AC38-A8E630D01B66}
	EndGlobalSection
EndGlobal
